
Microsoft Visual Studio Solution File, Format Version 12.00
# Visual Studio 15
VisualStudioVersion = 15.0.28307.2092
MinimumVisualStudioVersion = 10.0.40219.1
Project("{8BC9CEB8-8B4A-11D0-8D11-00A0C91BC942}") = "HW4", "HW4\HW4.vcxproj", "{2888ECA2-F3C8-4918-B849-A8D172CF5782}"
EndProject
Global
	GlobalSection(SolutionConfigurationPlatforms) = preSolution
		Debug|x64 = Debug|x64
		Debug|x86 = Debug|x86
		Release|x64 = Release|x64
		Release|x86 = Release|x86
	EndGlobalSection
	GlobalSection(ProjectConfigurationPlatforms) = postSolution
		{2888ECA2-F3C8-4918-B849-A8D172CF5782}.Debug|x64.ActiveCfg = Debug|x64
		{2888ECA2-F3C8-4918-B849-A8D172CF5782}.Debug|x64.Build.0 = Debug|x64
		{2888ECA2-F3C8-4918-B849-A8D172CF5782}.Debug|x86.ActiveCfg = Debug|Win32
		{2888ECA2-F3C8-4918-B849-A8D172CF5782}.Debug|x86.Build.0 = Debug|Win32
		{2888ECA2-F3C8-4918-B849-A8D172CF5782}.Release|x64.ActiveCfg = Release|x64
		{2888ECA2-F3C8-4918-B849-A8D172CF5782}.Release|x64.Build.0 = Release|x64
		{2888ECA2-F3C8-4918-B849-A8D172CF5782}.Release|x86.ActiveCfg = Release|Win32
		{2888ECA2-F3C8-4918-B849-A8D172CF5782}.Release|x86.Build.0 = Release|Win32
	EndGlobalSection
	GlobalSection(SolutionProperties) = preSolution
		HideSolutionNode = FALSE
	EndGlobalSection
	GlobalSection(ExtensibilityGlobals) = postSolution
		SolutionGuid = {02357C5C-AFCF-4AC2-B4A7-D202BE42D662}
	EndGlobalSection
EndGlobal
